schema: '2.0'
stages:
  build_manifest@french:
    cmd: python src/build_manifest.py --lang french --output_dir data --split 
      train --max_samples 50
    deps:
    - path: src/build_manifest.py
      hash: md5
      md5: d3adb782062c9cdf6dd2bb1ff0c87a51
      size: 3528
    - path: src/convert_lang.py
      hash: md5
      md5: bac64d622c7a88bddf6024a1de1deaa8
      size: 296
    params:
      params.yaml:
        langs:
        - french
        - german
        max_samples: 50
        split: train
    outs:
    - path: data/french/manifests/clean.jsonl
      hash: md5
      md5: 4135cf8ce3b3857d97a7be5d79f5b77d
      size: 32610
  make_noisy@french--10:
    cmd: python src/make_noisy_manifest.py --lang french --input_manifest 
      data/french/manifests/clean.jsonl --output_dir data --snr_db -10 --seed 42
    deps:
    - path: data/french/manifests/clean.jsonl
      hash: md5
      md5: 4135cf8ce3b3857d97a7be5d79f5b77d
      size: 32610
    - path: src/add_noise.py
      hash: md5
      md5: c1061e801b0fdbf4b0578f37e47ce4e0
      size: 783
    - path: src/make_noisy_manifest.py
      hash: md5
      md5: 06881b4062941de3da2cded22a5f9f9a
      size: 2293
    params:
      params.yaml:
        noise_levels:
        - -10
        - -5
        - 0
        - 5
        - 10
        - 15
        - 20
        - 25
        - 30
        - 35
        noise_seed: 42
    outs:
    - path: data/french/manifests/noisy-10.jsonl
      hash: md5
      md5: 818c809e6c3c9f6a50a3f2f1f263e9fe
      size: 33210
  make_noisy@french--5:
    cmd: python src/make_noisy_manifest.py --lang french --input_manifest 
      data/french/manifests/clean.jsonl --output_dir data --snr_db -5 --seed 42
    deps:
    - path: data/french/manifests/clean.jsonl
      hash: md5
      md5: 4135cf8ce3b3857d97a7be5d79f5b77d
      size: 32610
    - path: src/add_noise.py
      hash: md5
      md5: c1061e801b0fdbf4b0578f37e47ce4e0
      size: 783
    - path: src/make_noisy_manifest.py
      hash: md5
      md5: 06881b4062941de3da2cded22a5f9f9a
      size: 2293
    params:
      params.yaml:
        noise_levels:
        - -10
        - -5
        - 0
        - 5
        - 10
        - 15
        - 20
        - 25
        - 30
        - 35
        noise_seed: 42
    outs:
    - path: data/french/manifests/noisy-5.jsonl
      hash: md5
      md5: 792001c57c79736c1f29a6933541073e
      size: 33110
  make_noisy@french-0:
    cmd: python src/make_noisy_manifest.py --lang french --input_manifest 
      data/french/manifests/clean.jsonl --output_dir data --snr_db 0 --seed 42
    deps:
    - path: data/french/manifests/clean.jsonl
      hash: md5
      md5: 4135cf8ce3b3857d97a7be5d79f5b77d
      size: 32610
    - path: src/add_noise.py
      hash: md5
      md5: c1061e801b0fdbf4b0578f37e47ce4e0
      size: 783
    - path: src/make_noisy_manifest.py
      hash: md5
      md5: 06881b4062941de3da2cded22a5f9f9a
      size: 2293
    params:
      params.yaml:
        noise_levels:
        - -10
        - -5
        - 0
        - 5
        - 10
        - 15
        - 20
        - 25
        - 30
        - 35
        noise_seed: 42
    outs:
    - path: data/french/manifests/noisy0.jsonl
      hash: md5
      md5: a758eed7d62fef88d5a0f89d8ae3694f
      size: 33010
  make_noisy@french-5:
    cmd: python src/make_noisy_manifest.py --lang french --input_manifest 
      data/french/manifests/clean.jsonl --output_dir data --snr_db 5 --seed 42
    deps:
    - path: data/french/manifests/clean.jsonl
      hash: md5
      md5: 4135cf8ce3b3857d97a7be5d79f5b77d
      size: 32610
    - path: src/add_noise.py
      hash: md5
      md5: c1061e801b0fdbf4b0578f37e47ce4e0
      size: 783
    - path: src/make_noisy_manifest.py
      hash: md5
      md5: 06881b4062941de3da2cded22a5f9f9a
      size: 2293
    params:
      params.yaml:
        noise_levels:
        - -10
        - -5
        - 0
        - 5
        - 10
        - 15
        - 20
        - 25
        - 30
        - 35
        noise_seed: 42
    outs:
    - path: data/french/manifests/noisy5.jsonl
      hash: md5
      md5: 7e2c447ad47be9cae0e8862fc434bbc8
      size: 33010
  make_noisy@french-10:
    cmd: python src/make_noisy_manifest.py --lang french --input_manifest 
      data/french/manifests/clean.jsonl --output_dir data --snr_db 10 --seed 42
    deps:
    - path: data/french/manifests/clean.jsonl
      hash: md5
      md5: 4135cf8ce3b3857d97a7be5d79f5b77d
      size: 32610
    - path: src/add_noise.py
      hash: md5
      md5: c1061e801b0fdbf4b0578f37e47ce4e0
      size: 783
    - path: src/make_noisy_manifest.py
      hash: md5
      md5: 06881b4062941de3da2cded22a5f9f9a
      size: 2293
    params:
      params.yaml:
        noise_levels:
        - -10
        - -5
        - 0
        - 5
        - 10
        - 15
        - 20
        - 25
        - 30
        - 35
        noise_seed: 42
    outs:
    - path: data/french/manifests/noisy10.jsonl
      hash: md5
      md5: 41e23a664126b5ffc05caa51c9e76490
      size: 33110
  make_noisy@french-15:
    cmd: python src/make_noisy_manifest.py --lang french --input_manifest 
      data/french/manifests/clean.jsonl --output_dir data --snr_db 15 --seed 42
    deps:
    - path: data/french/manifests/clean.jsonl
      hash: md5
      md5: 4135cf8ce3b3857d97a7be5d79f5b77d
      size: 32610
    - path: src/add_noise.py
      hash: md5
      md5: c1061e801b0fdbf4b0578f37e47ce4e0
      size: 783
    - path: src/make_noisy_manifest.py
      hash: md5
      md5: 06881b4062941de3da2cded22a5f9f9a
      size: 2293
    params:
      params.yaml:
        noise_levels:
        - -10
        - -5
        - 0
        - 5
        - 10
        - 15
        - 20
        - 25
        - 30
        - 35
        noise_seed: 42
    outs:
    - path: data/french/manifests/noisy15.jsonl
      hash: md5
      md5: 93a087b88541f70421d320aebd0ce398
      size: 33110
  make_noisy@french-20:
    cmd: python src/make_noisy_manifest.py --lang french --input_manifest 
      data/french/manifests/clean.jsonl --output_dir data --snr_db 20 --seed 42
    deps:
    - path: data/french/manifests/clean.jsonl
      hash: md5
      md5: 4135cf8ce3b3857d97a7be5d79f5b77d
      size: 32610
    - path: src/add_noise.py
      hash: md5
      md5: c1061e801b0fdbf4b0578f37e47ce4e0
      size: 783
    - path: src/make_noisy_manifest.py
      hash: md5
      md5: 06881b4062941de3da2cded22a5f9f9a
      size: 2293
    params:
      params.yaml:
        noise_levels:
        - -10
        - -5
        - 0
        - 5
        - 10
        - 15
        - 20
        - 25
        - 30
        - 35
        noise_seed: 42
    outs:
    - path: data/french/manifests/noisy20.jsonl
      hash: md5
      md5: f74a54db204c559b7a01de89e5502dbf
      size: 33110
  make_noisy@french-25:
    cmd: python src/make_noisy_manifest.py --lang french --input_manifest 
      data/french/manifests/clean.jsonl --output_dir data --snr_db 25 --seed 42
    deps:
    - path: data/french/manifests/clean.jsonl
      hash: md5
      md5: 4135cf8ce3b3857d97a7be5d79f5b77d
      size: 32610
    - path: src/add_noise.py
      hash: md5
      md5: c1061e801b0fdbf4b0578f37e47ce4e0
      size: 783
    - path: src/make_noisy_manifest.py
      hash: md5
      md5: 06881b4062941de3da2cded22a5f9f9a
      size: 2293
    params:
      params.yaml:
        noise_levels:
        - -10
        - -5
        - 0
        - 5
        - 10
        - 15
        - 20
        - 25
        - 30
        - 35
        noise_seed: 42
    outs:
    - path: data/french/manifests/noisy25.jsonl
      hash: md5
      md5: d5fd0c1a1084bb63300b777dd83c53e4
      size: 33110
  make_noisy@french-30:
    cmd: python src/make_noisy_manifest.py --lang french --input_manifest 
      data/french/manifests/clean.jsonl --output_dir data --snr_db 30 --seed 42
    deps:
    - path: data/french/manifests/clean.jsonl
      hash: md5
      md5: 4135cf8ce3b3857d97a7be5d79f5b77d
      size: 32610
    - path: src/add_noise.py
      hash: md5
      md5: c1061e801b0fdbf4b0578f37e47ce4e0
      size: 783
    - path: src/make_noisy_manifest.py
      hash: md5
      md5: 06881b4062941de3da2cded22a5f9f9a
      size: 2293
    params:
      params.yaml:
        noise_levels:
        - -10
        - -5
        - 0
        - 5
        - 10
        - 15
        - 20
        - 25
        - 30
        - 35
        noise_seed: 42
    outs:
    - path: data/french/manifests/noisy30.jsonl
      hash: md5
      md5: f4a53110a7f69de0e9291599cf555b10
      size: 33110
  make_noisy@french-35:
    cmd: python src/make_noisy_manifest.py --lang french --input_manifest 
      data/french/manifests/clean.jsonl --output_dir data --snr_db 35 --seed 42
    deps:
    - path: data/french/manifests/clean.jsonl
      hash: md5
      md5: 4135cf8ce3b3857d97a7be5d79f5b77d
      size: 32610
    - path: src/add_noise.py
      hash: md5
      md5: c1061e801b0fdbf4b0578f37e47ce4e0
      size: 783
    - path: src/make_noisy_manifest.py
      hash: md5
      md5: 06881b4062941de3da2cded22a5f9f9a
      size: 2293
    params:
      params.yaml:
        noise_levels:
        - -10
        - -5
        - 0
        - 5
        - 10
        - 15
        - 20
        - 25
        - 30
        - 35
        noise_seed: 42
    outs:
    - path: data/french/manifests/noisy35.jsonl
      hash: md5
      md5: 4ed2a430758170e34b1d693b309f920c
      size: 33110
  predict@french--10:
    cmd: python src/predict.py --lang french --input_manifest 
      data/french/manifests/noisy-10.jsonl --output_dir data --snr_db -10
    deps:
    - path: data/french/manifests/noisy-10.jsonl
      hash: md5
      md5: 818c809e6c3c9f6a50a3f2f1f263e9fe
      size: 33210
    - path: src/predict.py
      hash: md5
      md5: e86ff2ea1cccf4a814891a20a29733e2
      size: 2171
    outs:
    - path: data/french/manifests/predictions_snr-10.jsonl
      hash: md5
      md5: 48fea2ec5bcb8877c3d50a8ff2fd3238
      size: 34249
  predict@french--5:
    cmd: python src/predict.py --lang french --input_manifest 
      data/french/manifests/noisy-5.jsonl --output_dir data --snr_db -5
    deps:
    - path: data/french/manifests/noisy-5.jsonl
      hash: md5
      md5: 792001c57c79736c1f29a6933541073e
      size: 33110
    - path: src/predict.py
      hash: md5
      md5: e86ff2ea1cccf4a814891a20a29733e2
      size: 2171
    outs:
    - path: data/french/manifests/predictions_snr-5.jsonl
      hash: md5
      md5: 2a2a2adad87fa265c8e3858255d33560
      size: 39126
  predict@french-0:
    cmd: python src/predict.py --lang french --input_manifest 
      data/french/manifests/noisy0.jsonl --output_dir data --snr_db 0
    deps:
    - path: data/french/manifests/noisy0.jsonl
      hash: md5
      md5: a758eed7d62fef88d5a0f89d8ae3694f
      size: 33010
    - path: src/predict.py
      hash: md5
      md5: e86ff2ea1cccf4a814891a20a29733e2
      size: 2171
    outs:
    - path: data/french/manifests/predictions_snr0.jsonl
      hash: md5
      md5: 0b2efeb4180b21da09e06b0a05fd6ea7
      size: 44078
  predict@french-5:
    cmd: python src/predict.py --lang french --input_manifest 
      data/french/manifests/noisy5.jsonl --output_dir data --snr_db 5
    deps:
    - path: data/french/manifests/noisy5.jsonl
      hash: md5
      md5: 7e2c447ad47be9cae0e8862fc434bbc8
      size: 33010
    - path: src/predict.py
      hash: md5
      md5: e86ff2ea1cccf4a814891a20a29733e2
      size: 2171
    outs:
    - path: data/french/manifests/predictions_snr5.jsonl
      hash: md5
      md5: ef3be711b15682b24e73d27858e0ef05
      size: 44403
  predict@french-10:
    cmd: python src/predict.py --lang french --input_manifest 
      data/french/manifests/noisy10.jsonl --output_dir data --snr_db 10
    deps:
    - path: data/french/manifests/noisy10.jsonl
      hash: md5
      md5: 41e23a664126b5ffc05caa51c9e76490
      size: 33110
    - path: src/predict.py
      hash: md5
      md5: e86ff2ea1cccf4a814891a20a29733e2
      size: 2171
    outs:
    - path: data/french/manifests/predictions_snr10.jsonl
      hash: md5
      md5: 852e9735e4f2d2b9c59a65ed8c2bade2
      size: 45411
  predict@french-15:
    cmd: python src/predict.py --lang french --input_manifest 
      data/french/manifests/noisy15.jsonl --output_dir data --snr_db 15
    deps:
    - path: data/french/manifests/noisy15.jsonl
      hash: md5
      md5: 93a087b88541f70421d320aebd0ce398
      size: 33110
    - path: src/predict.py
      hash: md5
      md5: e86ff2ea1cccf4a814891a20a29733e2
      size: 2171
    outs:
    - path: data/french/manifests/predictions_snr15.jsonl
      hash: md5
      md5: d9ae0a14c6d7abc5e6fa0dfd605cdbae
      size: 46139
  predict@french-20:
    cmd: python src/predict.py --lang french --input_manifest 
      data/french/manifests/noisy20.jsonl --output_dir data --snr_db 20
    deps:
    - path: data/french/manifests/noisy20.jsonl
      hash: md5
      md5: f74a54db204c559b7a01de89e5502dbf
      size: 33110
    - path: src/predict.py
      hash: md5
      md5: e86ff2ea1cccf4a814891a20a29733e2
      size: 2171
    outs:
    - path: data/french/manifests/predictions_snr20.jsonl
      hash: md5
      md5: 608379196204263671a5a15f2edb525b
      size: 46329
  predict@french-25:
    cmd: python src/predict.py --lang french --input_manifest 
      data/french/manifests/noisy25.jsonl --output_dir data --snr_db 25
    deps:
    - path: data/french/manifests/noisy25.jsonl
      hash: md5
      md5: d5fd0c1a1084bb63300b777dd83c53e4
      size: 33110
    - path: src/predict.py
      hash: md5
      md5: e86ff2ea1cccf4a814891a20a29733e2
      size: 2171
    outs:
    - path: data/french/manifests/predictions_snr25.jsonl
      hash: md5
      md5: d6140024b99772669dee29d0aa4e4726
      size: 46414
  predict@french-30:
    cmd: python src/predict.py --lang french --input_manifest 
      data/french/manifests/noisy30.jsonl --output_dir data --snr_db 30
    deps:
    - path: data/french/manifests/noisy30.jsonl
      hash: md5
      md5: f4a53110a7f69de0e9291599cf555b10
      size: 33110
    - path: src/predict.py
      hash: md5
      md5: e86ff2ea1cccf4a814891a20a29733e2
      size: 2171
    outs:
    - path: data/french/manifests/predictions_snr30.jsonl
      hash: md5
      md5: 87da3d5559529825ec2d5fd9379e3a03
      size: 46446
  predict@french-35:
    cmd: python src/predict.py --lang french --input_manifest 
      data/french/manifests/noisy35.jsonl --output_dir data --snr_db 35
    deps:
    - path: data/french/manifests/noisy35.jsonl
      hash: md5
      md5: 4ed2a430758170e34b1d693b309f920c
      size: 33110
    - path: src/predict.py
      hash: md5
      md5: e86ff2ea1cccf4a814891a20a29733e2
      size: 2171
    outs:
    - path: data/french/manifests/predictions_snr35.jsonl
      hash: md5
      md5: 81a28ee691bb0917c9f81253558ebb80
      size: 46435
  predict_clean@french:
    cmd: python src/predict.py --lang french --input_manifest 
      data/french/manifests/clean.jsonl --output_dir data
    deps:
    - path: data/french/manifests/clean.jsonl
      hash: md5
      md5: 4135cf8ce3b3857d97a7be5d79f5b77d
      size: 32610
    - path: src/predict.py
      hash: md5
      md5: e86ff2ea1cccf4a814891a20a29733e2
      size: 2171
    outs:
    - path: data/french/manifests/predictions_clean.jsonl
      hash: md5
      md5: 9f35dc75bf752a921c5cb3f6fd9f359e
      size: 45875
  evaluate@french--10:
    cmd: python src/evaluate.py --lang french --input_manifest 
      data/french/manifests/predictions_snr-10.jsonl --output_dir data --snr_db 
      -10
    deps:
    - path: data/french/manifests/predictions_snr-10.jsonl
      hash: md5
      md5: 48fea2ec5bcb8877c3d50a8ff2fd3238
      size: 34249
    - path: src/evaluate.py
      hash: md5
      md5: db3c40a8556fe7928e29ef3043402d48
      size: 1515
    outs:
    - path: data/french/metrics/results_snr-10.jsonl
      hash: md5
      md5: 8f217678c4ad3580908d28d96325bc2e
      size: 35220
  evaluate@french--5:
    cmd: python src/evaluate.py --lang french --input_manifest 
      data/french/manifests/predictions_snr-5.jsonl --output_dir data --snr_db 
      -5
    deps:
    - path: data/french/manifests/predictions_snr-5.jsonl
      hash: md5
      md5: 2a2a2adad87fa265c8e3858255d33560
      size: 39126
    - path: src/evaluate.py
      hash: md5
      md5: db3c40a8556fe7928e29ef3043402d48
      size: 1515
    outs:
    - path: data/french/metrics/results_snr-5.jsonl
      hash: md5
      md5: 9edd849f4bd1990dd9567a31d4edde86
      size: 40462
  evaluate@french-0:
    cmd: python src/evaluate.py --lang french --input_manifest 
      data/french/manifests/predictions_snr0.jsonl --output_dir data --snr_db 0
    deps:
    - path: data/french/manifests/predictions_snr0.jsonl
      hash: md5
      md5: 0b2efeb4180b21da09e06b0a05fd6ea7
      size: 44078
    - path: src/evaluate.py
      hash: md5
      md5: db3c40a8556fe7928e29ef3043402d48
      size: 1515
    outs:
    - path: data/french/metrics/results_snr0.jsonl
      hash: md5
      md5: 451a846a95c85e1c5e547dca81600a85
      size: 45388
  evaluate@french-5:
    cmd: python src/evaluate.py --lang french --input_manifest 
      data/french/manifests/predictions_snr5.jsonl --output_dir data --snr_db 5
    deps:
    - path: data/french/manifests/predictions_snr5.jsonl
      hash: md5
      md5: ef3be711b15682b24e73d27858e0ef05
      size: 44403
    - path: src/evaluate.py
      hash: md5
      md5: db3c40a8556fe7928e29ef3043402d48
      size: 1515
    outs:
    - path: data/french/metrics/results_snr5.jsonl
      hash: md5
      md5: e392098f8c60548241e3db86aeede431
      size: 45722
  evaluate@french-10:
    cmd: python src/evaluate.py --lang french --input_manifest 
      data/french/manifests/predictions_snr10.jsonl --output_dir data --snr_db 
      10
    deps:
    - path: data/french/manifests/predictions_snr10.jsonl
      hash: md5
      md5: 852e9735e4f2d2b9c59a65ed8c2bade2
      size: 45411
    - path: src/evaluate.py
      hash: md5
      md5: db3c40a8556fe7928e29ef3043402d48
      size: 1515
    outs:
    - path: data/french/metrics/results_snr10.jsonl
      hash: md5
      md5: 70c89757b797e3aa03e994ca902ada62
      size: 46765
  evaluate@french-15:
    cmd: python src/evaluate.py --lang french --input_manifest 
      data/french/manifests/predictions_snr15.jsonl --output_dir data --snr_db 
      15
    deps:
    - path: data/french/manifests/predictions_snr15.jsonl
      hash: md5
      md5: d9ae0a14c6d7abc5e6fa0dfd605cdbae
      size: 46139
    - path: src/evaluate.py
      hash: md5
      md5: db3c40a8556fe7928e29ef3043402d48
      size: 1515
    outs:
    - path: data/french/metrics/results_snr15.jsonl
      hash: md5
      md5: 45d6eb12cd766a7022ca39e205e8c424
      size: 47510
  evaluate@french-20:
    cmd: python src/evaluate.py --lang french --input_manifest 
      data/french/manifests/predictions_snr20.jsonl --output_dir data --snr_db 
      20
    deps:
    - path: data/french/manifests/predictions_snr20.jsonl
      hash: md5
      md5: 608379196204263671a5a15f2edb525b
      size: 46329
    - path: src/evaluate.py
      hash: md5
      md5: db3c40a8556fe7928e29ef3043402d48
      size: 1515
    outs:
    - path: data/french/metrics/results_snr20.jsonl
      hash: md5
      md5: 4e0dc976ec92dbaa4f2464c055b2c54e
      size: 47653
  evaluate@french-25:
    cmd: python src/evaluate.py --lang french --input_manifest 
      data/french/manifests/predictions_snr25.jsonl --output_dir data --snr_db 
      25
    deps:
    - path: data/french/manifests/predictions_snr25.jsonl
      hash: md5
      md5: d6140024b99772669dee29d0aa4e4726
      size: 46414
    - path: src/evaluate.py
      hash: md5
      md5: db3c40a8556fe7928e29ef3043402d48
      size: 1515
    outs:
    - path: data/french/metrics/results_snr25.jsonl
      hash: md5
      md5: 47261c0761383fd44d8c253196fe9561
      size: 47745
  evaluate@french-30:
    cmd: python src/evaluate.py --lang french --input_manifest 
      data/french/manifests/predictions_snr30.jsonl --output_dir data --snr_db 
      30
    deps:
    - path: data/french/manifests/predictions_snr30.jsonl
      hash: md5
      md5: 87da3d5559529825ec2d5fd9379e3a03
      size: 46446
    - path: src/evaluate.py
      hash: md5
      md5: db3c40a8556fe7928e29ef3043402d48
      size: 1515
    outs:
    - path: data/french/metrics/results_snr30.jsonl
      hash: md5
      md5: bfcb7af750ef7afe9e17d0826b753f7f
      size: 47797
  evaluate@french-35:
    cmd: python src/evaluate.py --lang french --input_manifest 
      data/french/manifests/predictions_snr35.jsonl --output_dir data --snr_db 
      35
    deps:
    - path: data/french/manifests/predictions_snr35.jsonl
      hash: md5
      md5: 81a28ee691bb0917c9f81253558ebb80
      size: 46435
    - path: src/evaluate.py
      hash: md5
      md5: db3c40a8556fe7928e29ef3043402d48
      size: 1515
    outs:
    - path: data/french/metrics/results_snr35.jsonl
      hash: md5
      md5: 8a7c14344ea955edde00e30de799e8c0
      size: 47815
  evaluate_clean@french:
    cmd: python src/evaluate.py --lang french --input_manifest 
      data/french/manifests/predictions_clean.jsonl --output_dir data
    deps:
    - path: data/french/manifests/predictions_clean.jsonl
      hash: md5
      md5: 9f35dc75bf752a921c5cb3f6fd9f359e
      size: 45875
    - path: src/evaluate.py
      hash: md5
      md5: db3c40a8556fe7928e29ef3043402d48
      size: 1515
    outs:
    - path: data/french/metrics/results_clean.jsonl
      hash: md5
      md5: 0a7ffbd5d9143eedd3024ae0a4ee2635
      size: 47240
  plot:
    cmd: python src/plot.py --input_dir data --output_plot results/per_plot.png
    deps:
    - path: data
      hash: md5
      md5: 0c80a6333b4e873bb9a20a475520a580.dir
      size: 524442004
      nfiles: 1171
    - path: src/plot.py
      hash: md5
      md5: f6533b793f6bc04bf78ad3c35957715c
      size: 2592
    outs:
    - path: results/per_plot.png
      hash: md5
      md5: 5c386fd2cbcd5634cc47a5930cf21385
      size: 76898
  build_manifest@german:
    cmd: python src/build_manifest.py --lang german --output_dir data --split 
      train --max_samples 50
    deps:
    - path: src/build_manifest.py
      hash: md5
      md5: d3adb782062c9cdf6dd2bb1ff0c87a51
      size: 3528
    - path: src/convert_lang.py
      hash: md5
      md5: bac64d622c7a88bddf6024a1de1deaa8
      size: 296
    params:
      params.yaml:
        langs:
        - french
        - german
        max_samples: 50
        split: train
    outs:
    - path: data/german/manifests/clean.jsonl
      hash: md5
      md5: 729b57d4c0ed0c88a052cb3f0e37ac87
      size: 38849
  make_noisy@german--10:
    cmd: python src/make_noisy_manifest.py --lang german --input_manifest 
      data/german/manifests/clean.jsonl --output_dir data --snr_db -10 --seed 42
    deps:
    - path: data/german/manifests/clean.jsonl
      hash: md5
      md5: 729b57d4c0ed0c88a052cb3f0e37ac87
      size: 38849
    - path: src/add_noise.py
      hash: md5
      md5: c1061e801b0fdbf4b0578f37e47ce4e0
      size: 783
    - path: src/make_noisy_manifest.py
      hash: md5
      md5: 06881b4062941de3da2cded22a5f9f9a
      size: 2293
    params:
      params.yaml:
        noise_levels:
        - -10
        - -5
        - 0
        - 5
        - 10
        - 15
        - 20
        - 25
        - 30
        - 35
        noise_seed: 42
    outs:
    - path: data/german/manifests/noisy-10.jsonl
      hash: md5
      md5: 13291699e6abfdac083f8cc069d1441c
      size: 39449
  make_noisy@german--5:
    cmd: python src/make_noisy_manifest.py --lang german --input_manifest 
      data/german/manifests/clean.jsonl --output_dir data --snr_db -5 --seed 42
    deps:
    - path: data/german/manifests/clean.jsonl
      hash: md5
      md5: 729b57d4c0ed0c88a052cb3f0e37ac87
      size: 38849
    - path: src/add_noise.py
      hash: md5
      md5: c1061e801b0fdbf4b0578f37e47ce4e0
      size: 783
    - path: src/make_noisy_manifest.py
      hash: md5
      md5: 06881b4062941de3da2cded22a5f9f9a
      size: 2293
    params:
      params.yaml:
        noise_levels:
        - -10
        - -5
        - 0
        - 5
        - 10
        - 15
        - 20
        - 25
        - 30
        - 35
        noise_seed: 42
    outs:
    - path: data/german/manifests/noisy-5.jsonl
      hash: md5
      md5: e6448372cb50012badfaecf0705873f9
      size: 39349
  make_noisy@german-0:
    cmd: python src/make_noisy_manifest.py --lang german --input_manifest 
      data/german/manifests/clean.jsonl --output_dir data --snr_db 0 --seed 42
    deps:
    - path: data/german/manifests/clean.jsonl
      hash: md5
      md5: 729b57d4c0ed0c88a052cb3f0e37ac87
      size: 38849
    - path: src/add_noise.py
      hash: md5
      md5: c1061e801b0fdbf4b0578f37e47ce4e0
      size: 783
    - path: src/make_noisy_manifest.py
      hash: md5
      md5: 06881b4062941de3da2cded22a5f9f9a
      size: 2293
    params:
      params.yaml:
        noise_levels:
        - -10
        - -5
        - 0
        - 5
        - 10
        - 15
        - 20
        - 25
        - 30
        - 35
        noise_seed: 42
    outs:
    - path: data/german/manifests/noisy0.jsonl
      hash: md5
      md5: 8393fcfc952cb0ded4775c8953dc9307
      size: 39249
  make_noisy@german-5:
    cmd: python src/make_noisy_manifest.py --lang german --input_manifest 
      data/german/manifests/clean.jsonl --output_dir data --snr_db 5 --seed 42
    deps:
    - path: data/german/manifests/clean.jsonl
      hash: md5
      md5: 729b57d4c0ed0c88a052cb3f0e37ac87
      size: 38849
    - path: src/add_noise.py
      hash: md5
      md5: c1061e801b0fdbf4b0578f37e47ce4e0
      size: 783
    - path: src/make_noisy_manifest.py
      hash: md5
      md5: 06881b4062941de3da2cded22a5f9f9a
      size: 2293
    params:
      params.yaml:
        noise_levels:
        - -10
        - -5
        - 0
        - 5
        - 10
        - 15
        - 20
        - 25
        - 30
        - 35
        noise_seed: 42
    outs:
    - path: data/german/manifests/noisy5.jsonl
      hash: md5
      md5: c8494fff6704bb2d571b0b2393298c2a
      size: 39249
  make_noisy@german-10:
    cmd: python src/make_noisy_manifest.py --lang german --input_manifest 
      data/german/manifests/clean.jsonl --output_dir data --snr_db 10 --seed 42
    deps:
    - path: data/german/manifests/clean.jsonl
      hash: md5
      md5: 729b57d4c0ed0c88a052cb3f0e37ac87
      size: 38849
    - path: src/add_noise.py
      hash: md5
      md5: c1061e801b0fdbf4b0578f37e47ce4e0
      size: 783
    - path: src/make_noisy_manifest.py
      hash: md5
      md5: 06881b4062941de3da2cded22a5f9f9a
      size: 2293
    params:
      params.yaml:
        noise_levels:
        - -10
        - -5
        - 0
        - 5
        - 10
        - 15
        - 20
        - 25
        - 30
        - 35
        noise_seed: 42
    outs:
    - path: data/german/manifests/noisy10.jsonl
      hash: md5
      md5: 13a413e1729cd58f8f7c4391b0ad68d1
      size: 39349
  make_noisy@german-15:
    cmd: python src/make_noisy_manifest.py --lang german --input_manifest 
      data/german/manifests/clean.jsonl --output_dir data --snr_db 15 --seed 42
    deps:
    - path: data/german/manifests/clean.jsonl
      hash: md5
      md5: 729b57d4c0ed0c88a052cb3f0e37ac87
      size: 38849
    - path: src/add_noise.py
      hash: md5
      md5: c1061e801b0fdbf4b0578f37e47ce4e0
      size: 783
    - path: src/make_noisy_manifest.py
      hash: md5
      md5: 06881b4062941de3da2cded22a5f9f9a
      size: 2293
    params:
      params.yaml:
        noise_levels:
        - -10
        - -5
        - 0
        - 5
        - 10
        - 15
        - 20
        - 25
        - 30
        - 35
        noise_seed: 42
    outs:
    - path: data/german/manifests/noisy15.jsonl
      hash: md5
      md5: 5838598e3b4315b515eecd21444834ee
      size: 39349
  make_noisy@german-20:
    cmd: python src/make_noisy_manifest.py --lang german --input_manifest 
      data/german/manifests/clean.jsonl --output_dir data --snr_db 20 --seed 42
    deps:
    - path: data/german/manifests/clean.jsonl
      hash: md5
      md5: 729b57d4c0ed0c88a052cb3f0e37ac87
      size: 38849
    - path: src/add_noise.py
      hash: md5
      md5: c1061e801b0fdbf4b0578f37e47ce4e0
      size: 783
    - path: src/make_noisy_manifest.py
      hash: md5
      md5: 06881b4062941de3da2cded22a5f9f9a
      size: 2293
    params:
      params.yaml:
        noise_levels:
        - -10
        - -5
        - 0
        - 5
        - 10
        - 15
        - 20
        - 25
        - 30
        - 35
        noise_seed: 42
    outs:
    - path: data/german/manifests/noisy20.jsonl
      hash: md5
      md5: b4c046510694950b7b3d4b7cdc3cb0fc
      size: 39349
  make_noisy@german-25:
    cmd: python src/make_noisy_manifest.py --lang german --input_manifest 
      data/german/manifests/clean.jsonl --output_dir data --snr_db 25 --seed 42
    deps:
    - path: data/german/manifests/clean.jsonl
      hash: md5
      md5: 729b57d4c0ed0c88a052cb3f0e37ac87
      size: 38849
    - path: src/add_noise.py
      hash: md5
      md5: c1061e801b0fdbf4b0578f37e47ce4e0
      size: 783
    - path: src/make_noisy_manifest.py
      hash: md5
      md5: 06881b4062941de3da2cded22a5f9f9a
      size: 2293
    params:
      params.yaml:
        noise_levels:
        - -10
        - -5
        - 0
        - 5
        - 10
        - 15
        - 20
        - 25
        - 30
        - 35
        noise_seed: 42
    outs:
    - path: data/german/manifests/noisy25.jsonl
      hash: md5
      md5: 0aeebbceb6fd37b8f160332ed5cee15b
      size: 39349
  make_noisy@german-30:
    cmd: python src/make_noisy_manifest.py --lang german --input_manifest 
      data/german/manifests/clean.jsonl --output_dir data --snr_db 30 --seed 42
    deps:
    - path: data/german/manifests/clean.jsonl
      hash: md5
      md5: 729b57d4c0ed0c88a052cb3f0e37ac87
      size: 38849
    - path: src/add_noise.py
      hash: md5
      md5: c1061e801b0fdbf4b0578f37e47ce4e0
      size: 783
    - path: src/make_noisy_manifest.py
      hash: md5
      md5: 06881b4062941de3da2cded22a5f9f9a
      size: 2293
    params:
      params.yaml:
        noise_levels:
        - -10
        - -5
        - 0
        - 5
        - 10
        - 15
        - 20
        - 25
        - 30
        - 35
        noise_seed: 42
    outs:
    - path: data/german/manifests/noisy30.jsonl
      hash: md5
      md5: 94f186bab663e2e505272fac2d0cf6ad
      size: 39349
  make_noisy@german-35:
    cmd: python src/make_noisy_manifest.py --lang german --input_manifest 
      data/german/manifests/clean.jsonl --output_dir data --snr_db 35 --seed 42
    deps:
    - path: data/german/manifests/clean.jsonl
      hash: md5
      md5: 729b57d4c0ed0c88a052cb3f0e37ac87
      size: 38849
    - path: src/add_noise.py
      hash: md5
      md5: c1061e801b0fdbf4b0578f37e47ce4e0
      size: 783
    - path: src/make_noisy_manifest.py
      hash: md5
      md5: 06881b4062941de3da2cded22a5f9f9a
      size: 2293
    params:
      params.yaml:
        noise_levels:
        - -10
        - -5
        - 0
        - 5
        - 10
        - 15
        - 20
        - 25
        - 30
        - 35
        noise_seed: 42
    outs:
    - path: data/german/manifests/noisy35.jsonl
      hash: md5
      md5: 694f622f2b6a093270b294bf8b475072
      size: 39349
  predict@german--10:
    cmd: python src/predict.py --lang german --input_manifest 
      data/german/manifests/noisy-10.jsonl --output_dir data --snr_db -10
    deps:
    - path: data/german/manifests/noisy-10.jsonl
      hash: md5
      md5: 13291699e6abfdac083f8cc069d1441c
      size: 39449
    - path: src/predict.py
      hash: md5
      md5: e86ff2ea1cccf4a814891a20a29733e2
      size: 2171
    outs:
    - path: data/german/manifests/predictions_snr-10.jsonl
      hash: md5
      md5: 8cac908c750f691b6c727e132f3cd839
      size: 40352
  predict@german--5:
    cmd: python src/predict.py --lang german --input_manifest 
      data/german/manifests/noisy-5.jsonl --output_dir data --snr_db -5
    deps:
    - path: data/german/manifests/noisy-5.jsonl
      hash: md5
      md5: e6448372cb50012badfaecf0705873f9
      size: 39349
    - path: src/predict.py
      hash: md5
      md5: e86ff2ea1cccf4a814891a20a29733e2
      size: 2171
    outs:
    - path: data/german/manifests/predictions_snr-5.jsonl
      hash: md5
      md5: c9381f703d2184877f42fe3dc3c739b0
      size: 45664
  predict@german-0:
    cmd: python src/predict.py --lang german --input_manifest 
      data/german/manifests/noisy0.jsonl --output_dir data --snr_db 0
    deps:
    - path: data/german/manifests/noisy0.jsonl
      hash: md5
      md5: 8393fcfc952cb0ded4775c8953dc9307
      size: 39249
    - path: src/predict.py
      hash: md5
      md5: e86ff2ea1cccf4a814891a20a29733e2
      size: 2171
    outs:
    - path: data/german/manifests/predictions_snr0.jsonl
      hash: md5
      md5: bb4dc4545dab50ff6dfdf4db56ec2d67
      size: 51505
  predict@german-5:
    cmd: python src/predict.py --lang german --input_manifest 
      data/german/manifests/noisy5.jsonl --output_dir data --snr_db 5
    deps:
    - path: data/german/manifests/noisy5.jsonl
      hash: md5
      md5: c8494fff6704bb2d571b0b2393298c2a
      size: 39249
    - path: src/predict.py
      hash: md5
      md5: e86ff2ea1cccf4a814891a20a29733e2
      size: 2171
    outs:
    - path: data/german/manifests/predictions_snr5.jsonl
      hash: md5
      md5: d81096dc1a620843c6f99f300a2d7134
      size: 54072
  predict@german-10:
    cmd: python src/predict.py --lang german --input_manifest 
      data/german/manifests/noisy10.jsonl --output_dir data --snr_db 10
    deps:
    - path: data/german/manifests/noisy10.jsonl
      hash: md5
      md5: 13a413e1729cd58f8f7c4391b0ad68d1
      size: 39349
    - path: src/predict.py
      hash: md5
      md5: e86ff2ea1cccf4a814891a20a29733e2
      size: 2171
    outs:
    - path: data/german/manifests/predictions_snr10.jsonl
      hash: md5
      md5: 4a1d07956b4ce7c1d1173d47b6876b6b
      size: 55833
  predict@german-15:
    cmd: python src/predict.py --lang german --input_manifest 
      data/german/manifests/noisy15.jsonl --output_dir data --snr_db 15
    deps:
    - path: data/german/manifests/noisy15.jsonl
      hash: md5
      md5: 5838598e3b4315b515eecd21444834ee
      size: 39349
    - path: src/predict.py
      hash: md5
      md5: e86ff2ea1cccf4a814891a20a29733e2
      size: 2171
    outs:
    - path: data/german/manifests/predictions_snr15.jsonl
      hash: md5
      md5: 2018daf42b0bad3c7cda03487bf5f857
      size: 57472
  predict@german-20:
    cmd: python src/predict.py --lang german --input_manifest 
      data/german/manifests/noisy20.jsonl --output_dir data --snr_db 20
    deps:
    - path: data/german/manifests/noisy20.jsonl
      hash: md5
      md5: b4c046510694950b7b3d4b7cdc3cb0fc
      size: 39349
    - path: src/predict.py
      hash: md5
      md5: e86ff2ea1cccf4a814891a20a29733e2
      size: 2171
    outs:
    - path: data/german/manifests/predictions_snr20.jsonl
      hash: md5
      md5: d0c125c5ce3d9fc76fd2e0d10c55548b
      size: 57957
  predict@german-25:
    cmd: python src/predict.py --lang german --input_manifest 
      data/german/manifests/noisy25.jsonl --output_dir data --snr_db 25
    deps:
    - path: data/german/manifests/noisy25.jsonl
      hash: md5
      md5: 0aeebbceb6fd37b8f160332ed5cee15b
      size: 39349
    - path: src/predict.py
      hash: md5
      md5: e86ff2ea1cccf4a814891a20a29733e2
      size: 2171
    outs:
    - path: data/german/manifests/predictions_snr25.jsonl
      hash: md5
      md5: 915081a3b84856263f51eeb5a3eb5f08
      size: 58110
  predict@german-30:
    cmd: python src/predict.py --lang german --input_manifest 
      data/german/manifests/noisy30.jsonl --output_dir data --snr_db 30
    deps:
    - path: data/german/manifests/noisy30.jsonl
      hash: md5
      md5: 94f186bab663e2e505272fac2d0cf6ad
      size: 39349
    - path: src/predict.py
      hash: md5
      md5: e86ff2ea1cccf4a814891a20a29733e2
      size: 2171
    outs:
    - path: data/german/manifests/predictions_snr30.jsonl
      hash: md5
      md5: 7ba57a0f9957497de02f0b0a5388d6ee
      size: 58222
  predict@german-35:
    cmd: python src/predict.py --lang german --input_manifest 
      data/german/manifests/noisy35.jsonl --output_dir data --snr_db 35
    deps:
    - path: data/german/manifests/noisy35.jsonl
      hash: md5
      md5: 694f622f2b6a093270b294bf8b475072
      size: 39349
    - path: src/predict.py
      hash: md5
      md5: e86ff2ea1cccf4a814891a20a29733e2
      size: 2171
    outs:
    - path: data/german/manifests/predictions_snr35.jsonl
      hash: md5
      md5: 949f4e080c1d94e5d564896b69695046
      size: 58232
  predict_clean@german:
    cmd: python src/predict.py --lang german --input_manifest 
      data/german/manifests/clean.jsonl --output_dir data
    deps:
    - path: data/german/manifests/clean.jsonl
      hash: md5
      md5: 729b57d4c0ed0c88a052cb3f0e37ac87
      size: 38849
    - path: src/predict.py
      hash: md5
      md5: e86ff2ea1cccf4a814891a20a29733e2
      size: 2171
    outs:
    - path: data/german/manifests/predictions_clean.jsonl
      hash: md5
      md5: dccb7989c573095f3227fe3276569dff
      size: 57657
  evaluate@german--10:
    cmd: python src/evaluate.py --lang german --input_manifest 
      data/german/manifests/predictions_snr-10.jsonl --output_dir data --snr_db 
      -10
    deps:
    - path: data/german/manifests/predictions_snr-10.jsonl
      hash: md5
      md5: 8cac908c750f691b6c727e132f3cd839
      size: 40352
    - path: src/evaluate.py
      hash: md5
      md5: db3c40a8556fe7928e29ef3043402d48
      size: 1515
    outs:
    - path: data/german/metrics/results_snr-10.jsonl
      hash: md5
      md5: d5338a3311033e598a340d6083c7f20b
      size: 41059
  evaluate@german--5:
    cmd: python src/evaluate.py --lang german --input_manifest 
      data/german/manifests/predictions_snr-5.jsonl --output_dir data --snr_db 
      -5
    deps:
    - path: data/german/manifests/predictions_snr-5.jsonl
      hash: md5
      md5: c9381f703d2184877f42fe3dc3c739b0
      size: 45664
    - path: src/evaluate.py
      hash: md5
      md5: db3c40a8556fe7928e29ef3043402d48
      size: 1515
    outs:
    - path: data/german/metrics/results_snr-5.jsonl
      hash: md5
      md5: 1f984ee4a959860780df44c809610746
      size: 46955
  evaluate@german-0:
    cmd: python src/evaluate.py --lang german --input_manifest 
      data/german/manifests/predictions_snr0.jsonl --output_dir data --snr_db 0
    deps:
    - path: data/german/manifests/predictions_snr0.jsonl
      hash: md5
      md5: bb4dc4545dab50ff6dfdf4db56ec2d67
      size: 51505
    - path: src/evaluate.py
      hash: md5
      md5: db3c40a8556fe7928e29ef3043402d48
      size: 1515
    outs:
    - path: data/german/metrics/results_snr0.jsonl
      hash: md5
      md5: 7a116dc43ae61f3d997cc0f42254c440
      size: 52797
  evaluate@german-5:
    cmd: python src/evaluate.py --lang german --input_manifest 
      data/german/manifests/predictions_snr5.jsonl --output_dir data --snr_db 5
    deps:
    - path: data/german/manifests/predictions_snr5.jsonl
      hash: md5
      md5: d81096dc1a620843c6f99f300a2d7134
      size: 54072
    - path: src/evaluate.py
      hash: md5
      md5: db3c40a8556fe7928e29ef3043402d48
      size: 1515
    outs:
    - path: data/german/metrics/results_snr5.jsonl
      hash: md5
      md5: 5f70b240ea09ebefd3f6d972a4714cad
      size: 55334
  evaluate@german-10:
    cmd: python src/evaluate.py --lang german --input_manifest 
      data/german/manifests/predictions_snr10.jsonl --output_dir data --snr_db 
      10
    deps:
    - path: data/german/manifests/predictions_snr10.jsonl
      hash: md5
      md5: 4a1d07956b4ce7c1d1173d47b6876b6b
      size: 55833
    - path: src/evaluate.py
      hash: md5
      md5: db3c40a8556fe7928e29ef3043402d48
      size: 1515
    outs:
    - path: data/german/metrics/results_snr10.jsonl
      hash: md5
      md5: 898f83d534424b0e189bbc182b77b868
      size: 57110
  evaluate@german-15:
    cmd: python src/evaluate.py --lang german --input_manifest 
      data/german/manifests/predictions_snr15.jsonl --output_dir data --snr_db 
      15
    deps:
    - path: data/german/manifests/predictions_snr15.jsonl
      hash: md5
      md5: 2018daf42b0bad3c7cda03487bf5f857
      size: 57472
    - path: src/evaluate.py
      hash: md5
      md5: db3c40a8556fe7928e29ef3043402d48
      size: 1515
    outs:
    - path: data/german/metrics/results_snr15.jsonl
      hash: md5
      md5: 78fe50fdcf7fbb6b4df2d3230e2ac27f
      size: 58775
  evaluate@german-20:
    cmd: python src/evaluate.py --lang german --input_manifest 
      data/german/manifests/predictions_snr20.jsonl --output_dir data --snr_db 
      20
    deps:
    - path: data/german/manifests/predictions_snr20.jsonl
      hash: md5
      md5: d0c125c5ce3d9fc76fd2e0d10c55548b
      size: 57957
    - path: src/evaluate.py
      hash: md5
      md5: db3c40a8556fe7928e29ef3043402d48
      size: 1515
    outs:
    - path: data/german/metrics/results_snr20.jsonl
      hash: md5
      md5: a1b3664e8a31710db438daaebdf2d7cf
      size: 59258
  evaluate@german-25:
    cmd: python src/evaluate.py --lang german --input_manifest 
      data/german/manifests/predictions_snr25.jsonl --output_dir data --snr_db 
      25
    deps:
    - path: data/german/manifests/predictions_snr25.jsonl
      hash: md5
      md5: 915081a3b84856263f51eeb5a3eb5f08
      size: 58110
    - path: src/evaluate.py
      hash: md5
      md5: db3c40a8556fe7928e29ef3043402d48
      size: 1515
    outs:
    - path: data/german/metrics/results_snr25.jsonl
      hash: md5
      md5: 84fad99799821650a3d84a9c79e7672c
      size: 59424
  evaluate@german-30:
    cmd: python src/evaluate.py --lang german --input_manifest 
      data/german/manifests/predictions_snr30.jsonl --output_dir data --snr_db 
      30
    deps:
    - path: data/german/manifests/predictions_snr30.jsonl
      hash: md5
      md5: 7ba57a0f9957497de02f0b0a5388d6ee
      size: 58222
    - path: src/evaluate.py
      hash: md5
      md5: db3c40a8556fe7928e29ef3043402d48
      size: 1515
    outs:
    - path: data/german/metrics/results_snr30.jsonl
      hash: md5
      md5: 6fbcc1ac63da1b93f86f1b02f02842ab
      size: 59521
  evaluate@german-35:
    cmd: python src/evaluate.py --lang german --input_manifest 
      data/german/manifests/predictions_snr35.jsonl --output_dir data --snr_db 
      35
    deps:
    - path: data/german/manifests/predictions_snr35.jsonl
      hash: md5
      md5: 949f4e080c1d94e5d564896b69695046
      size: 58232
    - path: src/evaluate.py
      hash: md5
      md5: db3c40a8556fe7928e29ef3043402d48
      size: 1515
    outs:
    - path: data/german/metrics/results_snr35.jsonl
      hash: md5
      md5: 28634dc5b85c8dc9a563029f317338dd
      size: 59528
  evaluate_clean@german:
    cmd: python src/evaluate.py --lang german --input_manifest 
      data/german/manifests/predictions_clean.jsonl --output_dir data
    deps:
    - path: data/german/manifests/predictions_clean.jsonl
      hash: md5
      md5: dccb7989c573095f3227fe3276569dff
      size: 57657
    - path: src/evaluate.py
      hash: md5
      md5: db3c40a8556fe7928e29ef3043402d48
      size: 1515
    outs:
    - path: data/german/metrics/results_clean.jsonl
      hash: md5
      md5: 82db7cabd652defad33713c9f95c1d66
      size: 58975
